
Microsoft Visual Studio Solution File, Format Version 12.00
# Visual Studio Version 17
VisualStudioVersion = 17.0.32112.339
MinimumVisualStudioVersion = 10.0.40219.1
Project("{FAE04EC0-301F-11D3-BF4B-00C04F79EFBC}") = "TransactionAccount", "TransactionAccount\TransactionAccount.csproj", "{5351FFB0-C266-425B-B736-74DB24CFDE39}"
EndProject
Global
	GlobalSection(SolutionConfigurationPlatforms) = preSolution
		Debug|Any CPU = Debug|Any CPU
		Release|Any CPU = Release|Any CPU
	EndGlobalSection
	GlobalSection(ProjectConfigurationPlatforms) = postSolution
		{5351FFB0-C266-425B-B736-74DB24CFDE39}.Debug|Any CPU.ActiveCfg = Debug|Any CPU
		{5351FFB0-C266-425B-B736-74DB24CFDE39}.Debug|Any CPU.Build.0 = Debug|Any CPU
		{5351FFB0-C266-425B-B736-74DB24CFDE39}.Release|Any CPU.ActiveCfg = Release|Any CPU
		{5351FFB0-C266-425B-B736-74DB24CFDE39}.Release|Any CPU.Build.0 = Release|Any CPU
	EndGlobalSection
	GlobalSection(SolutionProperties) = preSolution
		HideSolutionNode = FALSE
	EndGlobalSection
	GlobalSection(ExtensibilityGlobals) = postSolution
		SolutionGuid = {98A48572-CDB6-453A-B5A3-5E901E9B40C4}
	EndGlobalSection
EndGlobal
